// !$*UTF8*$!
{
	archiveVersion = 1;
	classes = {
	};
	objectVersion = 50;
	objects = {

/* Begin PBXBuildFile section */
		C8D389E522CB947000DE99D0 /* AppDelegate.swift in Sources */ = {isa = PBXBuildFile; fileRef = C8D389E422CB947000DE99D0 /* AppDelegate.swift */; };
		C8D389E722CB947000DE99D0 /* ViewController.swift in Sources */ = {isa = PBXBuildFile; fileRef = C8D389E622CB947000DE99D0 /* ViewController.swift */; };
		C8D389EA22CB947000DE99D0 /* Main.storyboard in Resources */ = {isa = PBXBuildFile; fileRef = C8D389E822CB947000DE99D0 /* Main.storyboard */; };
		C8D389ED22CB947000DE99D0 /* TestBitmorpher.xcdatamodeld in Sources */ = {isa = PBXBuildFile; fileRef = C8D389EB22CB947000DE99D0 /* TestBitmorpher.xcdatamodeld */; };
		C8D389EF22CB947400DE99D0 /* Assets.xcassets in Resources */ = {isa = PBXBuildFile; fileRef = C8D389EE22CB947400DE99D0 /* Assets.xcassets */; };
		C8D389F222CB947400DE99D0 /* LaunchScreen.storyboard in Resources */ = {isa = PBXBuildFile; fileRef = C8D389F022CB947400DE99D0 /* LaunchScreen.storyboard */; };
		C8D389FA22CB9ACD00DE99D0 /* HomeTable.swift in Sources */ = {isa = PBXBuildFile; fileRef = C8D389F922CB9ACD00DE99D0 /* HomeTable.swift */; };
		C8D389FC22CB9CBB00DE99D0 /* ProductsCollection.swift in Sources */ = {isa = PBXBuildFile; fileRef = C8D389FB22CB9CBB00DE99D0 /* ProductsCollection.swift */; };
		C8D389FE22CB9D3500DE99D0 /* FeatureCell.swift in Sources */ = {isa = PBXBuildFile; fileRef = C8D389FD22CB9D3500DE99D0 /* FeatureCell.swift */; };
		C8D38A0022CB9D8F00DE99D0 /* CategoryCell.swift in Sources */ = {isa = PBXBuildFile; fileRef = C8D389FF22CB9D8F00DE99D0 /* CategoryCell.swift */; };
		C8D38A0222CB9DBB00DE99D0 /* ProductsCell.swift in Sources */ = {isa = PBXBuildFile; fileRef = C8D38A0122CB9DBB00DE99D0 /* ProductsCell.swift */; };
/* End PBXBuildFile section */

/* Begin PBXFileReference section */
		C8D389E122CB947000DE99D0 /* TestBitmorpher.app */ = {isa = PBXFileReference; explicitFileType = wrapper.application; includeInIndex = 0; path = TestBitmorpher.app; sourceTree = BUILT_PRODUCTS_DIR; };
		C8D389E422CB947000DE99D0 /* AppDelegate.swift */ = {isa = PBXFileReference; lastKnownFileType = sourcecode.swift; path = AppDelegate.swift; sourceTree = "<group>"; };
		C8D389E622CB947000DE99D0 /* ViewController.swift */ = {isa = PBXFileReference; lastKnownFileType = sourcecode.swift; path = ViewController.swift; sourceTree = "<group>"; };
		C8D389E922CB947000DE99D0 /* Base */ = {isa = PBXFileReference; lastKnownFileType = file.storyboard; name = Base; path = Base.lproj/Main.storyboard; sourceTree = "<group>"; };
		C8D389EC22CB947000DE99D0 /* TestBitmorpher.xcdatamodel */ = {isa = PBXFileReference; lastKnownFileType = wrapper.xcdatamodel; path = TestBitmorpher.xcdatamodel; sourceTree = "<group>"; };
		C8D389EE22CB947400DE99D0 /* Assets.xcassets */ = {isa = PBXFileReference; lastKnownFileType = folder.assetcatalog; path = Assets.xcassets; sourceTree = "<group>"; };
		C8D389F122CB947400DE99D0 /* Base */ = {isa = PBXFileReference; lastKnownFileType = file.storyboard; name = Base; path = Base.lproj/LaunchScreen.storyboard; sourceTree = "<group>"; };
		C8D389F322CB947400DE99D0 /* Info.plist */ = {isa = PBXFileReference; lastKnownFileType = text.plist.xml; path = Info.plist; sourceTree = "<group>"; };
		C8D389F922CB9ACD00DE99D0 /* HomeTable.swift */ = {isa = PBXFileReference; lastKnownFileType = sourcecode.swift; path = HomeTable.swift; sourceTree = "<group>"; };
		C8D389FB22CB9CBB00DE99D0 /* ProductsCollection.swift */ = {isa = PBXFileReference; lastKnownFileType = sourcecode.swift; path = ProductsCollection.swift; sourceTree = "<group>"; };
		C8D389FD22CB9D3500DE99D0 /* FeatureCell.swift */ = {isa = PBXFileReference; lastKnownFileType = sourcecode.swift; path = FeatureCell.swift; sourceTree = "<group>"; };
		C8D389FF22CB9D8F00DE99D0 /* CategoryCell.swift */ = {isa = PBXFileReference; lastKnownFileType = sourcecode.swift; path = CategoryCell.swift; sourceTree = "<group>"; };
		C8D38A0122CB9DBB00DE99D0 /* ProductsCell.swift */ = {isa = PBXFileReference; lastKnownFileType = sourcecode.swift; path = ProductsCell.swift; sourceTree = "<group>"; };
/* End PBXFileReference section */

/* Begin PBXFrameworksBuildPhase section */
		C8D389DE22CB946F00DE99D0 /* Frameworks */ = {
			isa = PBXFrameworksBuildPhase;
			buildActionMask = 2147483647;
			files = (
			);
			runOnlyForDeploymentPostprocessing = 0;
		};
/* End PBXFrameworksBuildPhase section */

/* Begin PBXGroup section */
		C8D389D822CB946F00DE99D0 = {
			isa = PBXGroup;
			children = (
				C8D389E322CB947000DE99D0 /* TestBitmorpher */,
				C8D389E222CB947000DE99D0 /* Products */,
			);
			sourceTree = "<group>";
		};
		C8D389E222CB947000DE99D0 /* Products */ = {
			isa = PBXGroup;
			children = (
				C8D389E122CB947000DE99D0 /* TestBitmorpher.app */,
			);
			name = Products;
			sourceTree = "<group>";
		};
		C8D389E322CB947000DE99D0 /* TestBitmorpher */ = {
			isa = PBXGroup;
			children = (
				C8D389E422CB947000DE99D0 /* AppDelegate.swift */,
				C8D389E622CB947000DE99D0 /* ViewController.swift */,
				C8D389F922CB9ACD00DE99D0 /* HomeTable.swift */,
				C8D389FD22CB9D3500DE99D0 /* FeatureCell.swift */,
				C8D389FF22CB9D8F00DE99D0 /* CategoryCell.swift */,
				C8D389FB22CB9CBB00DE99D0 /* ProductsCollection.swift */,
				C8D38A0122CB9DBB00DE99D0 /* ProductsCell.swift */,
				C8D389E822CB947000DE99D0 /* Main.storyboard */,
				C8D389EE22CB947400DE99D0 /* Assets.xcassets */,
				C8D389F022CB947400DE99D0 /* LaunchScreen.storyboard */,
				C8D389F322CB947400DE99D0 /* Info.plist */,
				C8D389EB22CB947000DE99D0 /* TestBitmorpher.xcdatamodeld */,
			);
			path = TestBitmorpher;
			sourceTree = "<group>";
		};
/* End PBXGroup section */

/* Begin PBXNativeTarget section */
		C8D389E022CB946F00DE99D0 /* TestBitmorpher */ = {
			isa = PBXNativeTarget;
			buildConfigurationList = C8D389F622CB947400DE99D0 /* Build configuration list for PBXNativeTarget "TestBitmorpher" */;
			buildPhases = (
				C8D389DD22CB946F00DE99D0 /* Sources */,
				C8D389DE22CB946F00DE99D0 /* Frameworks */,
				C8D389DF22CB946F00DE99D0 /* Resources */,
			);
			buildRules = (
			);
			dependencies = (
			);
			name = TestBitmorpher;
			productName = TestBitmorpher;
			productReference = C8D389E122CB947000DE99D0 /* TestBitmorpher.app */;
			productType = "com.apple.product-type.application";
		};
/* End PBXNativeTarget section */

/* Begin PBXProject section */
		C8D389D922CB946F00DE99D0 /* Project object */ = {
			isa = PBXProject;
			attributes = {
				LastSwiftUpdateCheck = 1020;
				LastUpgradeCheck = 1020;
				ORGANIZATIONNAME = Shuvo;
				TargetAttributes = {
					C8D389E022CB946F00DE99D0 = {
						CreatedOnToolsVersion = 10.2.1;
					};
				};
			};
			buildConfigurationList = C8D389DC22CB946F00DE99D0 /* Build configuration list for PBXProject "TestBitmorpher" */;
			compatibilityVersion = "Xcode 9.3";
			developmentRegion = en;
			hasScannedForEncodings = 0;
			knownRegions = (
				en,
				Base,
			);
			mainGroup = C8D389D822CB946F00DE99D0;
			productRefGroup = C8D389E222CB947000DE99D0 /* Products */;
			projectDirPath = "";
			projectRoot = "";
			targets = (
				C8D389E022CB946F00DE99D0 /* TestBitmorpher */,
			);
		};
/* End PBXProject section */

/* Begin PBXResourcesBuildPhase section */
		C8D389DF22CB946F00DE99D0 /* Resources */ = {
			isa = PBXResourcesBuildPhase;
			buildActionMask = 2147483647;
			files = (
				C8D389F222CB947400DE99D0 /* LaunchScreen.storyboard in Resources */,
				C8D389EF22CB947400DE99D0 /* Assets.xcassets in Resources */,
				C8D389EA22CB947000DE99D0 /* Main.storyboard in Resources */,
			);
			runOnlyForDeploymentPostprocessing = 0;
		};
/* End PBXResourcesBuildPhase section */

/* Begin PBXSourcesBuildPhase section */
		C8D389DD22CB946F00DE99D0 /* Sources */ = {
			isa = PBXSourcesBuildPhase;
			buildActionMask = 2147483647;
			files = (
				C8D389FC22CB9CBB00DE99D0 /* ProductsCollection.swift in Sources */,
				C8D38A0222CB9DBB00DE99D0 /* ProductsCell.swift in Sources */,
				C8D389E722CB947000DE99D0 /* ViewController.swift in Sources */,
				C8D389FE22CB9D3500DE99D0 /* FeatureCell.swift in Sources */,
				C8D38A0022CB9D8F00DE99D0 /* CategoryCell.swift in Sources */,
				C8D389ED22CB947000DE99D0 /* TestBitmorpher.xcdatamodeld in Sources */,
				C8D389E522CB947000DE99D0 /* AppDelegate.swift in Sources */,
				C8D389FA22CB9ACD00DE99D0 /* HomeTable.swift in Sources */,
			);
			runOnlyForDeploymentPostprocessing = 0;
		};
/* End PBXSourcesBuildPhase section */

/* Begin PBXVariantGroup section */
		C8D389E822CB947000DE99D0 /* Main.storyboard */ = {
			isa = PBXVariantGroup;
			children = (
				C8D389E922CB947000DE99D0 /* Base */,
			);
			name = Main.storyboard;
			sourceTree = "<group>";
		};
		C8D389F022CB947400DE99D0 /* LaunchScreen.storyboard */ = {
			isa = PBXVariantGroup;
			children = (
				C8D389F122CB947400DE99D0 /* Base */,
			);
			name = LaunchScreen.storyboard;
			sourceTree = "<group>";
		};
/* End PBXVariantGroup section */

/* Begin XCBuildConfiguration section */
		C8D389F422CB947400DE99D0 /* Debug */ = {
			isa = XCBuildConfiguration;
			buildSettings = {
				ALWAYS_SEARCH_USER_PATHS = NO;
				CLANG_ANALYZER_NONNULL = YES;
				CLANG_ANALYZER_NUMBER_OBJECT_CONVERSION = YES_AGGRESSIVE;
				CLANG_CXX_LANGUAGE_STANDARD = "gnu++14";
				CLANG_CXX_LIBRARY = "libc++";
				CLANG_ENABLE_MODULES = YES;
				CLANG_ENABLE_OBJC_ARC = YES;
				CLANG_ENABLE_OBJC_WEAK = YES;
				CLANG_WARN_BLOCK_CAPTURE_AUTORELEASING = YES;
				CLANG_WARN_BOOL_CONVERSION = YES;
				CLANG_WARN_COMMA = YES;
				CLANG_WARN_CONSTANT_CONVERSION = YES;
				CLANG_WARN_DEPRECATED_OBJC_IMPLEMENTATIONS = YES;
				CLANG_WARN_DIRECT_OBJC_ISA_USAGE = YES_ERROR;
				CLANG_WARN_DOCUMENTATION_COMMENTS = YES;
				CLANG_WARN_EMPTY_BODY = YES;
				CLANG_WARN_ENUM_CONVERSION = YES;
				CLANG_WARN_INFINITE_RECURSION = YES;
				CLANG_WARN_INT_CONVERSION = YES;
				CLANG_WARN_NON_LITERAL_NULL_CONVERSION = YES;
				CLANG_WARN_OBJC_IMPLICIT_RETAIN_SELF = YES;
				CLANG_WARN_OBJC_LITERAL_CONVERSION = YES;
				CLANG_WARN_OBJC_ROOT_CLASS = YES_ERROR;
				CLANG_WARN_RANGE_LOOP_ANALYSIS = YES;
				CLANG_WARN_STRICT_PROTOTYPES = YES;
				CLANG_WARN_SUSPICIOUS_MOVE = YES;
				CLANG_WARN_UNGUARDED_AVAILABILITY = YES_AGGRESSIVE;
				CLANG_WARN_UNREACHABLE_CODE = YES;
				CLANG_WARN__DUPLICATE_METHOD_MATCH = YES;
				CODE_SIGN_IDENTITY = "iPhone Developer";
				COPY_PHASE_STRIP = NO;
				DEBUG_INFORMATION_FORMAT = dwarf;
				ENABLE_STRICT_OBJC_MSGSEND = YES;
				ENABLE_TESTABILITY = YES;
				GCC_C_LANGUAGE_STANDARD = gnu11;
				GCC_DYNAMIC_NO_PIC = NO;
				GCC_NO_COMMON_BLOCKS = YES;
				GCC_OPTIMIZATION_LEVEL = 0;
				GCC_PREPROCESSOR_DEFINITIONS = (
					"DEBUG=1",
					"$(inherited)",
				);
				GCC_WARN_64_TO_32_BIT_CONVERSION = YES;
				GCC_WARN_ABOUT_RETURN_TYPE = YES_ERROR;
				GCC_WARN_UNDECLARED_SELECTOR = YES;
				GCC_WARN_UNINITIALIZED_AUTOS = YES_AGGRESSIVE;
				GCC_WARN_UNUSED_FUNCTION = YES;
				GCC_WARN_UNUSED_VARIABLE = YES;
				IPHONEOS_DEPLOYMENT_TARGET = 12.2;
				MTL_ENABLE_DEBUG_INFO = INCLUDE_SOURCE;
				MTL_FAST_MATH = YES;
				ONLY_ACTIVE_ARCH = YES;
				SDKROOT = iphoneos;
				SWIFT_ACTIVE_COMPILATION_CONDITIONS = DEBUG;
				SWIFT_OPTIMIZATION_LEVEL = "-Onone";
			};
			name = Debug;
		};
		C8D389F522CB947400DE99D0 /* Release */ = {
			isa = XCBuildConfiguration;
			buildSettings = {
				ALWAYS_SEARCH_USER_PATHS = NO;
				CLANG_ANALYZER_NONNULL = YES;
				CLANG_ANALYZER_NUMBER_OBJECT_CONVERSION = YES_AGGRESSIVE;
				CLANG_CXX_LANGUAGE_STANDARD = "gnu++14";
				CLANG_CXX_LIBRARY = "libc++";
				CLANG_ENABLE_MODULES = YES;
				CLANG_ENABLE_OBJC_ARC = YES;
				CLANG_ENABLE_OBJC_WEAK = YES;
				CLANG_WARN_BLOCK_CAPTURE_AUTORELEASING = YES;
				CLANG_WARN_BOOL_CONVERSION = YES;
				CLANG_WARN_COMMA = YES;
				CLANG_WARN_CONSTANT_CONVERSION = YES;
				CLANG_WARN_DEPRECATED_OBJC_IMPLEMENTATIONS = YES;
				CLANG_WARN_DIRECT_OBJC_ISA_USAGE = YES_ERROR;
				CLANG_WARN_DOCUMENTATION_COMMENTS = YES;
				CLANG_WARN_EMPTY_BODY = YES;
				CLANG_WARN_ENUM_CONVERSION = YES;
				CLANG_WARN_INFINITE_RECURSION = YES;
				CLANG_WARN_INT_CONVERSION = YES;
				CLANG_WARN_NON_LITERAL_NULL_CONVERSION = YES;
				CLANG_WARN_OBJC_IMPLICIT_RETAIN_SELF = YES;
				CLANG_WARN_OBJC_LITERAL_CONVERSION = YES;
				CLANG_WARN_OBJC_ROOT_CLASS = YES_ERROR;
				CLANG_WARN_RANGE_LOOP_ANALYSIS = YES;
				CLANG_WARN_STRICT_PROTOTYPES = YES;
				CLANG_WARN_SUSPICIOUS_MOVE = YES;
				CLANG_WARN_UNGUARDED_AVAILABILITY = YES_AGGRESSIVE;
				CLANG_WARN_UNREACHABLE_CODE = YES;
				CLANG_WARN__DUPLICATE_METHOD_MATCH = YES;
				CODE_SIGN_IDENTITY = "iPhone Developer";
				COPY_PHASE_STRIP = NO;
				DEBUG_INFORMATION_FORMAT = "dwarf-with-dsym";
				ENABLE_NS_ASSERTIONS = NO;
				ENABLE_STRICT_OBJC_MSGSEND = YES;
				GCC_C_LANGUAGE_STANDARD = gnu11;
				GCC_NO_COMMON_BLOCKS = YES;
				GCC_WARN_64_TO_32_BIT_CONVERSION = YES;
				GCC_WARN_ABOUT_RETURN_TYPE = YES_ERROR;
				GCC_WARN_UNDECLARED_SELECTOR = YES;
				GCC_WARN_UNINITIALIZED_AUTOS = YES_AGGRESSIVE;
				GCC_WARN_UNUSED_FUNCTION = YES;
				GCC_WARN_UNUSED_VARIABLE = YES;
				IPHONEOS_DEPLOYMENT_TARGET = 12.2;
				MTL_ENABLE_DEBUG_INFO = NO;
				MTL_FAST_MATH = YES;
				SDKROOT = iphoneos;
				SWIFT_COMPILATION_MODE = wholemodule;
				SWIFT_OPTIMIZATION_LEVEL = "-O";
				VALIDATE_PRODUCT = YES;
			};
			name = Release;
		};
		C8D389F722CB947400DE99D0 /* Debug */ = {
			isa = XCBuildConfiguration;
			buildSettings = {
				ASSETCATALOG_COMPILER_APPICON_NAME = AppIcon;
				CODE_SIGN_STYLE = Automatic;
				DEVELOPMENT_TEAM = XRW3Q6G293;
				INFOPLIST_FILE = TestBitmorpher/Info.plist;
				LD_RUNPATH_SEARCH_PATHS = (
					"$(inherited)",
					"@executable_path/Frameworks",
				);
				PRODUCT_BUNDLE_IDENTIFIER = learn.ios.shuvo.cv.TestBitmorpher;
				PRODUCT_NAME = "$(TARGET_NAME)";
				SWIFT_VERSION = 5.0;
				TARGETED_DEVICE_FAMILY = "1,2";
			};
			name = Debug;
		};
		C8D389F822CB947400DE99D0 /* Release */ = {
			isa = XCBuildConfiguration;
			buildSettings = {
				ASSETCATALOG_COMPILER_APPICON_NAME = AppIcon;
				CODE_SIGN_STYLE = Automatic;
				DEVELOPMENT_TEAM = XRW3Q6G293;
				INFOPLIST_FILE = TestBitmorpher/Info.plist;
				LD_RUNPATH_SEARCH_PATHS = (
					"$(inherited)",
					"@executable_path/Frameworks",
				);
				PRODUCT_BUNDLE_IDENTIFIER = learn.ios.shuvo.cv.TestBitmorpher;
				PRODUCT_NAME = "$(TARGET_NAME)";
				SWIFT_VERSION = 5.0;
				TARGETED_DEVICE_FAMILY = "1,2";
			};
			name = Release;
		};
/* End XCBuildConfiguration section */

/* Begin XCConfigurationList section */
		C8D389DC22CB946F00DE99D0 /* Build configuration list for PBXProject "TestBitmorpher" */ = {
			isa = XCConfigurationList;
			buildConfigurations = (
				C8D389F422CB947400DE99D0 /* Debug */,
				C8D389F522CB947400DE99D0 /* Release */,
			);
			defaultConfigurationIsVisible = 0;
			defaultConfigurationName = Release;
		};
		C8D389F622CB947400DE99D0 /* Build configuration list for PBXNativeTarget "TestBitmorpher" */ = {
			isa = XCConfigurationList;
			buildConfigurations = (
				C8D389F722CB947400DE99D0 /* Debug */,
				C8D389F822CB947400DE99D0 /* Release */,
			);
			defaultConfigurationIsVisible = 0;
			defaultConfigurationName = Release;
		};
/* End XCConfigurationList section */

/* Begin XCVersionGroup section */
		C8D389EB22CB947000DE99D0 /* TestBitmorpher.xcdatamodeld */ = {
			isa = XCVersionGroup;
			children = (
				C8D389EC22CB947000DE99D0 /* TestBitmorpher.xcdatamodel */,
			);
			currentVersion = C8D389EC22CB947000DE99D0 /* TestBitmorpher.xcdatamodel */;
			path = TestBitmorpher.xcdatamodeld;
			sourceTree = "<group>";
			versionGroupType = wrapper.xcdatamodel;
		};
/* End XCVersionGroup section */
	};
	rootObject = C8D389D922CB946F00DE99D0 /* Project object */;
}
